// !$*UTF8*$!
{
	archiveVersion = 1;
	classes = {
	};
	objectVersion = 46;
	objects = {

/* Begin PBXBuildFile section */
		1D805830F291DC6CF45855CC /* libPods-Test.a in Frameworks */ = {isa = PBXBuildFile; fileRef = 204570C17198DD64629325C6 /* libPods-Test.a */; };
		854A56DB1FD8EF3A00DE46B5 /* NSObject+CMCellModel.m in Sources */ = {isa = PBXBuildFile; fileRef = 854A56DA1FD8EF3A00DE46B5 /* NSObject+CMCellModel.m */; };
		8562E14C1C2D20D90001F0A9 /* main.m in Sources */ = {isa = PBXBuildFile; fileRef = 8562E14B1C2D20D90001F0A9 /* main.m */; };
		8562E14F1C2D20D90001F0A9 /* AppDelegate.m in Sources */ = {isa = PBXBuildFile; fileRef = 8562E14E1C2D20D90001F0A9 /* AppDelegate.m */; };
		8562E1521C2D20D90001F0A9 /* ViewController.m in Sources */ = {isa = PBXBuildFile; fileRef = 8562E1511C2D20D90001F0A9 /* ViewController.m */; };
		8562E1551C2D20D90001F0A9 /* Main.storyboard in Resources */ = {isa = PBXBuildFile; fileRef = 8562E1531C2D20D90001F0A9 /* Main.storyboard */; };
		8562E1571C2D20D90001F0A9 /* Assets.xcassets in Resources */ = {isa = PBXBuildFile; fileRef = 8562E1561C2D20D90001F0A9 /* Assets.xcassets */; };
		8562E15A1C2D20D90001F0A9 /* LaunchScreen.storyboard in Resources */ = {isa = PBXBuildFile; fileRef = 8562E1581C2D20D90001F0A9 /* LaunchScreen.storyboard */; };
		856BBD8E1FD912350094CB9C /* UITableView+CMTemplateLayoutCell.m in Sources */ = {isa = PBXBuildFile; fileRef = 856BBD8D1FD912350094CB9C /* UITableView+CMTemplateLayoutCell.m */; };
		856BBD911FD93F280094CB9C /* CMCellsLord.m in Sources */ = {isa = PBXBuildFile; fileRef = 856BBD901FD93F280094CB9C /* CMCellsLord.m */; };
		856BBD941FD971AF0094CB9C /* TestCellModel.m in Sources */ = {isa = PBXBuildFile; fileRef = 856BBD931FD971AF0094CB9C /* TestCellModel.m */; };
		856BBD981FD971E80094CB9C /* TestTableViewCell.m in Sources */ = {isa = PBXBuildFile; fileRef = 856BBD961FD971E80094CB9C /* TestTableViewCell.m */; };
		856BBD991FD971E80094CB9C /* TestTableViewCell.xib in Resources */ = {isa = PBXBuildFile; fileRef = 856BBD971FD971E80094CB9C /* TestTableViewCell.xib */; };
		856BBD9D1FD972840094CB9C /* TestOneLineTableViewCell.m in Sources */ = {isa = PBXBuildFile; fileRef = 856BBD9B1FD972840094CB9C /* TestOneLineTableViewCell.m */; };
		856BBD9E1FD972840094CB9C /* TestOneLineTableViewCell.xib in Resources */ = {isa = PBXBuildFile; fileRef = 856BBD9C1FD972840094CB9C /* TestOneLineTableViewCell.xib */; };
		85EEFC031DDD8899003792FA /* Test.m in Sources */ = {isa = PBXBuildFile; fileRef = 85EEFC021DDD8899003792FA /* Test.m */; };
/* End PBXBuildFile section */

/* Begin PBXFileReference section */
		204570C17198DD64629325C6 /* libPods-Test.a */ = {isa = PBXFileReference; explicitFileType = archive.ar; includeInIndex = 0; path = "libPods-Test.a"; sourceTree = BUILT_PRODUCTS_DIR; };
		73C39A149519730FC492CE8E /* Pods-Test.release.xcconfig */ = {isa = PBXFileReference; includeInIndex = 1; lastKnownFileType = text.xcconfig; name = "Pods-Test.release.xcconfig"; path = "Pods/Target Support Files/Pods-Test/Pods-Test.release.xcconfig"; sourceTree = "<group>"; };
		853BBFB61FD820AA00FE398C /* CMCellsLordProtocol.h */ = {isa = PBXFileReference; fileEncoding = 4; lastKnownFileType = sourcecode.c.h; path = CMCellsLordProtocol.h; sourceTree = "<group>"; };
		854A56D91FD8EF3A00DE46B5 /* NSObject+CMCellModel.h */ = {isa = PBXFileReference; fileEncoding = 4; lastKnownFileType = sourcecode.c.h; path = "NSObject+CMCellModel.h"; sourceTree = "<group>"; };
		854A56DA1FD8EF3A00DE46B5 /* NSObject+CMCellModel.m */ = {isa = PBXFileReference; fileEncoding = 4; lastKnownFileType = sourcecode.c.objc; path = "NSObject+CMCellModel.m"; sourceTree = "<group>"; };
		8562E1471C2D20D90001F0A9 /* Test.app */ = {isa = PBXFileReference; explicitFileType = wrapper.application; includeInIndex = 0; path = Test.app; sourceTree = BUILT_PRODUCTS_DIR; };
		8562E14B1C2D20D90001F0A9 /* main.m */ = {isa = PBXFileReference; lastKnownFileType = sourcecode.c.objc; path = main.m; sourceTree = "<group>"; };
		8562E14D1C2D20D90001F0A9 /* AppDelegate.h */ = {isa = PBXFileReference; lastKnownFileType = sourcecode.c.h; path = AppDelegate.h; sourceTree = "<group>"; };
		8562E14E1C2D20D90001F0A9 /* AppDelegate.m */ = {isa = PBXFileReference; lastKnownFileType = sourcecode.c.objc; path = AppDelegate.m; sourceTree = "<group>"; };
		8562E1501C2D20D90001F0A9 /* ViewController.h */ = {isa = PBXFileReference; lastKnownFileType = sourcecode.c.h; path = ViewController.h; sourceTree = "<group>"; };
		8562E1511C2D20D90001F0A9 /* ViewController.m */ = {isa = PBXFileReference; lastKnownFileType = sourcecode.c.objc; path = ViewController.m; sourceTree = "<group>"; };
		8562E1541C2D20D90001F0A9 /* Base */ = {isa = PBXFileReference; lastKnownFileType = file.storyboard; name = Base; path = Base.lproj/Main.storyboard; sourceTree = "<group>"; };
		8562E1561C2D20D90001F0A9 /* Assets.xcassets */ = {isa = PBXFileReference; lastKnownFileType = folder.assetcatalog; path = Assets.xcassets; sourceTree = "<group>"; };
		8562E1591C2D20D90001F0A9 /* Base */ = {isa = PBXFileReference; lastKnownFileType = file.storyboard; name = Base; path = Base.lproj/LaunchScreen.storyboard; sourceTree = "<group>"; };
		8562E15B1C2D20D90001F0A9 /* Info.plist */ = {isa = PBXFileReference; lastKnownFileType = text.plist.xml; path = Info.plist; sourceTree = "<group>"; };
		856BBD8C1FD912350094CB9C /* UITableView+CMTemplateLayoutCell.h */ = {isa = PBXFileReference; fileEncoding = 4; lastKnownFileType = sourcecode.c.h; path = "UITableView+CMTemplateLayoutCell.h"; sourceTree = "<group>"; };
		856BBD8D1FD912350094CB9C /* UITableView+CMTemplateLayoutCell.m */ = {isa = PBXFileReference; fileEncoding = 4; lastKnownFileType = sourcecode.c.objc; path = "UITableView+CMTemplateLayoutCell.m"; sourceTree = "<group>"; };
		856BBD8F1FD93F280094CB9C /* CMCellsLord.h */ = {isa = PBXFileReference; fileEncoding = 4; lastKnownFileType = sourcecode.c.h; path = CMCellsLord.h; sourceTree = "<group>"; };
		856BBD901FD93F280094CB9C /* CMCellsLord.m */ = {isa = PBXFileReference; fileEncoding = 4; lastKnownFileType = sourcecode.c.objc; path = CMCellsLord.m; sourceTree = "<group>"; };
		856BBD921FD971AF0094CB9C /* TestCellModel.h */ = {isa = PBXFileReference; fileEncoding = 4; lastKnownFileType = sourcecode.c.h; path = TestCellModel.h; sourceTree = "<group>"; };
		856BBD931FD971AF0094CB9C /* TestCellModel.m */ = {isa = PBXFileReference; fileEncoding = 4; lastKnownFileType = sourcecode.c.objc; path = TestCellModel.m; sourceTree = "<group>"; };
		856BBD951FD971E80094CB9C /* TestTableViewCell.h */ = {isa = PBXFileReference; fileEncoding = 4; lastKnownFileType = sourcecode.c.h; path = TestTableViewCell.h; sourceTree = "<group>"; };
		856BBD961FD971E80094CB9C /* TestTableViewCell.m */ = {isa = PBXFileReference; fileEncoding = 4; lastKnownFileType = sourcecode.c.objc; path = TestTableViewCell.m; sourceTree = "<group>"; };
		856BBD971FD971E80094CB9C /* TestTableViewCell.xib */ = {isa = PBXFileReference; fileEncoding = 4; lastKnownFileType = file.xib; path = TestTableViewCell.xib; sourceTree = "<group>"; };
		856BBD9A1FD972840094CB9C /* TestOneLineTableViewCell.h */ = {isa = PBXFileReference; fileEncoding = 4; lastKnownFileType = sourcecode.c.h; path = TestOneLineTableViewCell.h; sourceTree = "<group>"; };
		856BBD9B1FD972840094CB9C /* TestOneLineTableViewCell.m */ = {isa = PBXFileReference; fileEncoding = 4; lastKnownFileType = sourcecode.c.objc; path = TestOneLineTableViewCell.m; sourceTree = "<group>"; };
		856BBD9C1FD972840094CB9C /* TestOneLineTableViewCell.xib */ = {isa = PBXFileReference; fileEncoding = 4; lastKnownFileType = file.xib; path = TestOneLineTableViewCell.xib; sourceTree = "<group>"; };
		85EEFC011DDD8899003792FA /* Test.h */ = {isa = PBXFileReference; fileEncoding = 4; lastKnownFileType = sourcecode.c.h; path = Test.h; sourceTree = "<group>"; };
		85EEFC021DDD8899003792FA /* Test.m */ = {isa = PBXFileReference; fileEncoding = 4; lastKnownFileType = sourcecode.c.objc; path = Test.m; sourceTree = "<group>"; };
		EC355DD542C639E052625922 /* Pods-Test.debug.xcconfig */ = {isa = PBXFileReference; includeInIndex = 1; lastKnownFileType = text.xcconfig; name = "Pods-Test.debug.xcconfig"; path = "Pods/Target Support Files/Pods-Test/Pods-Test.debug.xcconfig"; sourceTree = "<group>"; };
/* End PBXFileReference section */

/* Begin PBXFrameworksBuildPhase section */
		8562E1441C2D20D90001F0A9 /* Frameworks */ = {
			isa = PBXFrameworksBuildPhase;
			buildActionMask = 2147483647;
			files = (
				1D805830F291DC6CF45855CC /* libPods-Test.a in Frameworks */,
			);
			runOnlyForDeploymentPostprocessing = 0;
		};
/* End PBXFrameworksBuildPhase section */

/* Begin PBXGroup section */
		18D10EAFD520560314697BC1 /* Pods */ = {
			isa = PBXGroup;
			children = (
				EC355DD542C639E052625922 /* Pods-Test.debug.xcconfig */,
				73C39A149519730FC492CE8E /* Pods-Test.release.xcconfig */,
			);
			name = Pods;
			sourceTree = "<group>";
		};
		5B9E84EEA4A67AAFAADDA2CE /* Frameworks */ = {
			isa = PBXGroup;
			children = (
				204570C17198DD64629325C6 /* libPods-Test.a */,
			);
			name = Frameworks;
			sourceTree = "<group>";
		};
		852C8EBB1FD6CAA6001A4302 /* CMCellsLord */ = {
			isa = PBXGroup;
			children = (
				856BBD8F1FD93F280094CB9C /* CMCellsLord.h */,
				856BBD901FD93F280094CB9C /* CMCellsLord.m */,
				853BBFB61FD820AA00FE398C /* CMCellsLordProtocol.h */,
				854A56D91FD8EF3A00DE46B5 /* NSObject+CMCellModel.h */,
				854A56DA1FD8EF3A00DE46B5 /* NSObject+CMCellModel.m */,
				856BBD8C1FD912350094CB9C /* UITableView+CMTemplateLayoutCell.h */,
				856BBD8D1FD912350094CB9C /* UITableView+CMTemplateLayoutCell.m */,
			);
			path = CMCellsLord;
			sourceTree = "<group>";
		};
		8562E13E1C2D20D90001F0A9 = {
			isa = PBXGroup;
			children = (
				8562E1491C2D20D90001F0A9 /* Test */,
				8562E1481C2D20D90001F0A9 /* Products */,
				18D10EAFD520560314697BC1 /* Pods */,
				5B9E84EEA4A67AAFAADDA2CE /* Frameworks */,
			);
			sourceTree = "<group>";
		};
		8562E1481C2D20D90001F0A9 /* Products */ = {
			isa = PBXGroup;
			children = (
				8562E1471C2D20D90001F0A9 /* Test.app */,
			);
			name = Products;
			sourceTree = "<group>";
		};
		8562E1491C2D20D90001F0A9 /* Test */ = {
			isa = PBXGroup;
			children = (
				852C8EBB1FD6CAA6001A4302 /* CMCellsLord */,
				8562E14D1C2D20D90001F0A9 /* AppDelegate.h */,
				8562E14E1C2D20D90001F0A9 /* AppDelegate.m */,
				8562E1501C2D20D90001F0A9 /* ViewController.h */,
				8562E1511C2D20D90001F0A9 /* ViewController.m */,
				856BBD921FD971AF0094CB9C /* TestCellModel.h */,
				856BBD931FD971AF0094CB9C /* TestCellModel.m */,
				856BBD951FD971E80094CB9C /* TestTableViewCell.h */,
				856BBD961FD971E80094CB9C /* TestTableViewCell.m */,
				856BBD971FD971E80094CB9C /* TestTableViewCell.xib */,
				856BBD9A1FD972840094CB9C /* TestOneLineTableViewCell.h */,
				856BBD9B1FD972840094CB9C /* TestOneLineTableViewCell.m */,
				856BBD9C1FD972840094CB9C /* TestOneLineTableViewCell.xib */,
				85EEFC011DDD8899003792FA /* Test.h */,
				85EEFC021DDD8899003792FA /* Test.m */,
				8562E1531C2D20D90001F0A9 /* Main.storyboard */,
				8562E1561C2D20D90001F0A9 /* Assets.xcassets */,
				8562E1581C2D20D90001F0A9 /* LaunchScreen.storyboard */,
				8562E15B1C2D20D90001F0A9 /* Info.plist */,
				8562E14A1C2D20D90001F0A9 /* Supporting Files */,
			);
			path = Test;
			sourceTree = "<group>";
		};
		8562E14A1C2D20D90001F0A9 /* Supporting Files */ = {
			isa = PBXGroup;
			children = (
				8562E14B1C2D20D90001F0A9 /* main.m */,
			);
			name = "Supporting Files";
			sourceTree = "<group>";
		};
/* End PBXGroup section */

/* Begin PBXNativeTarget section */
		8562E1461C2D20D90001F0A9 /* Test */ = {
			isa = PBXNativeTarget;
			buildConfigurationList = 8562E15E1C2D20D90001F0A9 /* Build configuration list for PBXNativeTarget "Test" */;
			buildPhases = (
				7E0D276B26B0175ABB11E929 /* [CP] Check Pods Manifest.lock */,
				8562E1431C2D20D90001F0A9 /* Sources */,
				8562E1441C2D20D90001F0A9 /* Frameworks */,
				8562E1451C2D20D90001F0A9 /* Resources */,
				66962280F0F962697C949819 /* [CP] Embed Pods Frameworks */,
				6769C9179CDB7016C8F09F64 /* [CP] Copy Pods Resources */,
			);
			buildRules = (
			);
			dependencies = (
			);
			name = Test;
			productName = Test;
			productReference = 8562E1471C2D20D90001F0A9 /* Test.app */;
			productType = "com.apple.product-type.application";
		};
/* End PBXNativeTarget section */

/* Begin PBXProject section */
		8562E13F1C2D20D90001F0A9 /* Project object */ = {
			isa = PBXProject;
			attributes = {
				LastUpgradeCheck = 0710;
				ORGANIZATIONNAME = LiJunfeng;
				TargetAttributes = {
					8562E1461C2D20D90001F0A9 = {
						CreatedOnToolsVersion = 7.1.1;
						DevelopmentTeam = JM97U7CRE6;
					};
				};
			};
			buildConfigurationList = 8562E1421C2D20D90001F0A9 /* Build configuration list for PBXProject "Test" */;
			compatibilityVersion = "Xcode 3.2";
			developmentRegion = English;
			hasScannedForEncodings = 0;
			knownRegions = (
				en,
				Base,
			);
			mainGroup = 8562E13E1C2D20D90001F0A9;
			productRefGroup = 8562E1481C2D20D90001F0A9 /* Products */;
			projectDirPath = "";
			projectRoot = "";
			targets = (
				8562E1461C2D20D90001F0A9 /* Test */,
			);
		};
/* End PBXProject section */

/* Begin PBXResourcesBuildPhase section */
		8562E1451C2D20D90001F0A9 /* Resources */ = {
			isa = PBXResourcesBuildPhase;
			buildActionMask = 2147483647;
			files = (
				8562E15A1C2D20D90001F0A9 /* LaunchScreen.storyboard in Resources */,
				856BBD991FD971E80094CB9C /* TestTableViewCell.xib in Resources */,
				8562E1571C2D20D90001F0A9 /* Assets.xcassets in Resources */,
				856BBD9E1FD972840094CB9C /* TestOneLineTableViewCell.xib in Resources */,
				8562E1551C2D20D90001F0A9 /* Main.storyboard in Resources */,
			);
			runOnlyForDeploymentPostprocessing = 0;
		};
/* End PBXResourcesBuildPhase section */

/* Begin PBXShellScriptBuildPhase section */
		66962280F0F962697C949819 /* [CP] Embed Pods Frameworks */ = {
			isa = PBXShellScriptBuildPhase;
			buildActionMask = 2147483647;
			files = (
			);
			inputPaths = (
			);
			name = "[CP] Embed Pods Frameworks";
			outputPaths = (
			);
			runOnlyForDeploymentPostprocessing = 0;
			shellPath = /bin/sh;
			shellScript = "\"${SRCROOT}/Pods/Target Support Files/Pods-Test/Pods-Test-frameworks.sh\"\n";
			showEnvVarsInLog = 0;
		};
		6769C9179CDB7016C8F09F64 /* [CP] Copy Pods Resources */ = {
			isa = PBXShellScriptBuildPhase;
			buildActionMask = 2147483647;
			files = (
			);
			inputPaths = (
			);
			name = "[CP] Copy Pods Resources";
			outputPaths = (
			);
			runOnlyForDeploymentPostprocessing = 0;
			shellPath = /bin/sh;
			shellScript = "\"${SRCROOT}/Pods/Target Support Files/Pods-Test/Pods-Test-resources.sh\"\n";
			showEnvVarsInLog = 0;
		};
		7E0D276B26B0175ABB11E929 /* [CP] Check Pods Manifest.lock */ = {
			isa = PBXShellScriptBuildPhase;
			buildActionMask = 2147483647;
			files = (
			);
			inputPaths = (
			);
			name = "[CP] Check Pods Manifest.lock";
			outputPaths = (
			);
			runOnlyForDeploymentPostprocessing = 0;
			shellPath = /bin/sh;
			shellScript = "diff \"${PODS_PODFILE_DIR_PATH}/Podfile.lock\" \"${PODS_ROOT}/Manifest.lock\" > /dev/null\nif [ $? != 0 ] ; then\n    # print error to STDERR\n    echo \"error: The sandbox is not in sync with the Podfile.lock. Run 'pod install' or update your CocoaPods installation.\" >&2\n    exit 1\nfi\n";
			showEnvVarsInLog = 0;
		};
/* End PBXShellScriptBuildPhase section */

/* Begin PBXSourcesBuildPhase section */
		8562E1431C2D20D90001F0A9 /* Sources */ = {
			isa = PBXSourcesBuildPhase;
			buildActionMask = 2147483647;
			files = (
				856BBD911FD93F280094CB9C /* CMCellsLord.m in Sources */,
				8562E1521C2D20D90001F0A9 /* ViewController.m in Sources */,
				856BBD8E1FD912350094CB9C /* UITableView+CMTemplateLayoutCell.m in Sources */,
				856BBD941FD971AF0094CB9C /* TestCellModel.m in Sources */,
				854A56DB1FD8EF3A00DE46B5 /* NSObject+CMCellModel.m in Sources */,
				85EEFC031DDD8899003792FA /* Test.m in Sources */,
				8562E14F1C2D20D90001F0A9 /* AppDelegate.m in Sources */,
				856BBD981FD971E80094CB9C /* TestTableViewCell.m in Sources */,
				856BBD9D1FD972840094CB9C /* TestOneLineTableViewCell.m in Sources */,
				8562E14C1C2D20D90001F0A9 /* main.m in Sources */,
			);
			runOnlyForDeploymentPostprocessing = 0;
		};
/* End PBXSourcesBuildPhase section */

/* Begin PBXVariantGroup section */
		8562E1531C2D20D90001F0A9 /* Main.storyboard */ = {
			isa = PBXVariantGroup;
			children = (
				8562E1541C2D20D90001F0A9 /* Base */,
			);
			name = Main.storyboard;
			sourceTree = "<group>";
		};
		8562E1581C2D20D90001F0A9 /* LaunchScreen.storyboard */ = {
			isa = PBXVariantGroup;
			children = (
				8562E1591C2D20D90001F0A9 /* Base */,
			);
			name = LaunchScreen.storyboard;
			sourceTree = "<group>";
		};
/* End PBXVariantGroup section */

/* Begin XCBuildConfiguration section */
		8562E15C1C2D20D90001F0A9 /* Debug */ = {
			isa = XCBuildConfiguration;
			buildSettings = {
				ALWAYS_SEARCH_USER_PATHS = NO;
				CLANG_CXX_LANGUAGE_STANDARD = "gnu++0x";
				CLANG_CXX_LIBRARY = "libc++";
				CLANG_ENABLE_MODULES = YES;
				CLANG_ENABLE_OBJC_ARC = YES;
				CLANG_WARN_BOOL_CONVERSION = YES;
				CLANG_WARN_CONSTANT_CONVERSION = YES;
				CLANG_WARN_DIRECT_OBJC_ISA_USAGE = YES_ERROR;
				CLANG_WARN_EMPTY_BODY = YES;
				CLANG_WARN_ENUM_CONVERSION = YES;
				CLANG_WARN_INT_CONVERSION = YES;
				CLANG_WARN_OBJC_ROOT_CLASS = YES_ERROR;
				CLANG_WARN_UNREACHABLE_CODE = YES;
				CLANG_WARN__DUPLICATE_METHOD_MATCH = YES;
				"CODE_SIGN_IDENTITY[sdk=iphoneos*]" = "iPhone Developer";
				COPY_PHASE_STRIP = NO;
				DEBUG_INFORMATION_FORMAT = dwarf;
				ENABLE_STRICT_OBJC_MSGSEND = YES;
				ENABLE_TESTABILITY = YES;
				GCC_C_LANGUAGE_STANDARD = gnu99;
				GCC_DYNAMIC_NO_PIC = NO;
				GCC_NO_COMMON_BLOCKS = YES;
				GCC_OPTIMIZATION_LEVEL = 0;
				GCC_PREPROCESSOR_DEFINITIONS = (
					"DEBUG=1",
					"$(inherited)",
				);
				GCC_WARN_64_TO_32_BIT_CONVERSION = YES;
				GCC_WARN_ABOUT_RETURN_TYPE = YES_ERROR;
				GCC_WARN_UNDECLARED_SELECTOR = YES;
				GCC_WARN_UNINITIALIZED_AUTOS = YES_AGGRESSIVE;
				GCC_WARN_UNUSED_FUNCTION = YES;
				GCC_WARN_UNUSED_VARIABLE = YES;
				IPHONEOS_DEPLOYMENT_TARGET = 9.1;
				MTL_ENABLE_DEBUG_INFO = YES;
				ONLY_ACTIVE_ARCH = YES;
				SDKROOT = iphoneos;
			};
			name = Debug;
		};
		8562E15D1C2D20D90001F0A9 /* Release */ = {
			isa = XCBuildConfiguration;
			buildSettings = {
				ALWAYS_SEARCH_USER_PATHS = NO;
				CLANG_CXX_LANGUAGE_STANDARD = "gnu++0x";
				CLANG_CXX_LIBRARY = "libc++";
				CLANG_ENABLE_MODULES = YES;
				CLANG_ENABLE_OBJC_ARC = YES;
				CLANG_WARN_BOOL_CONVERSION = YES;
				CLANG_WARN_CONSTANT_CONVERSION = YES;
				CLANG_WARN_DIRECT_OBJC_ISA_USAGE = YES_ERROR;
				CLANG_WARN_EMPTY_BODY = YES;
				CLANG_WARN_ENUM_CONVERSION = YES;
				CLANG_WARN_INT_CONVERSION = YES;
				CLANG_WARN_OBJC_ROOT_CLASS = YES_ERROR;
				CLANG_WARN_UNREACHABLE_CODE = YES;
				CLANG_WARN__DUPLICATE_METHOD_MATCH = YES;
				"CODE_SIGN_IDENTITY[sdk=iphoneos*]" = "iPhone Developer";
				COPY_PHASE_STRIP = NO;
				DEBUG_INFORMATION_FORMAT = "dwarf-with-dsym";
				ENABLE_NS_ASSERTIONS = NO;
				ENABLE_STRICT_OBJC_MSGSEND = YES;
				GCC_C_LANGUAGE_STANDARD = gnu99;
				GCC_NO_COMMON_BLOCKS = YES;
				GCC_WARN_64_TO_32_BIT_CONVERSION = YES;
				GCC_WARN_ABOUT_RETURN_TYPE = YES_ERROR;
				GCC_WARN_UNDECLARED_SELECTOR = YES;
				GCC_WARN_UNINITIALIZED_AUTOS = YES_AGGRESSIVE;
				GCC_WARN_UNUSED_FUNCTION = YES;
				GCC_WARN_UNUSED_VARIABLE = YES;
				IPHONEOS_DEPLOYMENT_TARGET = 9.1;
				MTL_ENABLE_DEBUG_INFO = NO;
				SDKROOT = iphoneos;
				VALIDATE_PRODUCT = YES;
			};
			name = Release;
		};
		8562E15F1C2D20D90001F0A9 /* Debug */ = {
			isa = XCBuildConfiguration;
			baseConfigurationReference = EC355DD542C639E052625922 /* Pods-Test.debug.xcconfig */;
			buildSettings = {
				ASSETCATALOG_COMPILER_APPICON_NAME = AppIcon;
				CODE_SIGN_IDENTITY = "iPhone Developer";
				DEVELOPMENT_TEAM = JM97U7CRE6;
				INFOPLIST_FILE = Test/Info.plist;
				IPHONEOS_DEPLOYMENT_TARGET = 9.0;
				LD_RUNPATH_SEARCH_PATHS = "$(inherited) @executable_path/Frameworks";
				PRODUCT_BUNDLE_IDENTIFIER = com.jfl.Test;
				PRODUCT_NAME = "$(TARGET_NAME)";
			};
			name = Debug;
		};
		8562E1601C2D20D90001F0A9 /* Release */ = {
			isa = XCBuildConfiguration;
			baseConfigurationReference = 73C39A149519730FC492CE8E /* Pods-Test.release.xcconfig */;
			buildSettings = {
				ASSETCATALOG_COMPILER_APPICON_NAME = AppIcon;
				CODE_SIGN_IDENTITY = "iPhone Developer";
				DEVELOPMENT_TEAM = JM97U7CRE6;
				INFOPLIST_FILE = Test/Info.plist;
				IPHONEOS_DEPLOYMENT_TARGET = 9.0;
				LD_RUNPATH_SEARCH_PATHS = "$(inherited) @executable_path/Frameworks";
				PRODUCT_BUNDLE_IDENTIFIER = com.jfl.Test;
				PRODUCT_NAME = "$(TARGET_NAME)";
			};
			name = Release;
		};
/* End XCBuildConfiguration section */

/* Begin XCConfigurationList section */
		8562E1421C2D20D90001F0A9 /* Build configuration list for PBXProject "Test" */ = {
			isa = XCConfigurationList;
			buildConfigurations = (
				8562E15C1C2D20D90001F0A9 /* Debug */,
				8562E15D1C2D20D90001F0A9 /* Release */,
			);
			defaultConfigurationIsVisible = 0;
			defaultConfigurationName = Release;
		};
		8562E15E1C2D20D90001F0A9 /* Build configuration list for PBXNativeTarget "Test" */ = {
			isa = XCConfigurationList;
			buildConfigurations = (
				8562E15F1C2D20D90001F0A9 /* Debug */,
				8562E1601C2D20D90001F0A9 /* Release */,
			);
			defaultConfigurationIsVisible = 0;
			defaultConfigurationName = Release;
		};
/* End XCConfigurationList section */
	};
	rootObject = 8562E13F1C2D20D90001F0A9 /* Project object */;
}
